// !$*UTF8*$!
{
	archiveVersion = 1;
	classes = {
	};
	objectVersion = 56;
	objects = {

/* Begin PBXBuildFile section */
		D93277BA2AC6E3CC00B6D2FD /* AppDelegate.swift in Sources */ = {isa = PBXBuildFile; fileRef = D93277B92AC6E3CC00B6D2FD /* AppDelegate.swift */; };
		D93277BC2AC6E3CC00B6D2FD /* SceneDelegate.swift in Sources */ = {isa = PBXBuildFile; fileRef = D93277BB2AC6E3CC00B6D2FD /* SceneDelegate.swift */; };
		D93277BE2AC6E3CC00B6D2FD /* ViewController.swift in Sources */ = {isa = PBXBuildFile; fileRef = D93277BD2AC6E3CC00B6D2FD /* ViewController.swift */; };
		D93277C12AC6E3CC00B6D2FD /* Main.storyboard in Resources */ = {isa = PBXBuildFile; fileRef = D93277BF2AC6E3CC00B6D2FD /* Main.storyboard */; };
		D93277C32AC6E3E100B6D2FD /* Assets.xcassets in Resources */ = {isa = PBXBuildFile; fileRef = D93277C22AC6E3E100B6D2FD /* Assets.xcassets */; };
		D93277C62AC6E3E100B6D2FD /* LaunchScreen.storyboard in Resources */ = {isa = PBXBuildFile; fileRef = D93277C42AC6E3E100B6D2FD /* LaunchScreen.storyboard */; };
		D93277D12AC6E3E200B6D2FD /* TBC_AcademyTests.swift in Sources */ = {isa = PBXBuildFile; fileRef = D93277D02AC6E3E200B6D2FD /* TBC_AcademyTests.swift */; };
		D93277DB2AC6E3E200B6D2FD /* TBC_AcademyUITests.swift in Sources */ = {isa = PBXBuildFile; fileRef = D93277DA2AC6E3E200B6D2FD /* TBC_AcademyUITests.swift */; };
		D93277DD2AC6E3E200B6D2FD /* TBC_AcademyUITestsLaunchTests.swift in Sources */ = {isa = PBXBuildFile; fileRef = D93277DC2AC6E3E200B6D2FD /* TBC_AcademyUITestsLaunchTests.swift */; };
/* End PBXBuildFile section */

/* Begin PBXContainerItemProxy section */
		D93277CD2AC6E3E200B6D2FD /* PBXContainerItemProxy */ = {
			isa = PBXContainerItemProxy;
			containerPortal = D93277AE2AC6E3CB00B6D2FD /* Project object */;
			proxyType = 1;
			remoteGlobalIDString = D93277B52AC6E3CB00B6D2FD;
			remoteInfo = "TBC Academy";
		};
		D93277D72AC6E3E200B6D2FD /* PBXContainerItemProxy */ = {
			isa = PBXContainerItemProxy;
			containerPortal = D93277AE2AC6E3CB00B6D2FD /* Project object */;
			proxyType = 1;
			remoteGlobalIDString = D93277B52AC6E3CB00B6D2FD;
			remoteInfo = "TBC Academy";
		};
/* End PBXContainerItemProxy section */

/* Begin PBXFileReference section */
		D93277B62AC6E3CC00B6D2FD /* TBC Academy.app */ = {isa = PBXFileReference; explicitFileType = wrapper.application; includeInIndex = 0; path = "TBC Academy.app"; sourceTree = BUILT_PRODUCTS_DIR; };
		D93277B92AC6E3CC00B6D2FD /* AppDelegate.swift */ = {isa = PBXFileReference; lastKnownFileType = sourcecode.swift; path = AppDelegate.swift; sourceTree = "<group>"; };
		D93277BB2AC6E3CC00B6D2FD /* SceneDelegate.swift */ = {isa = PBXFileReference; lastKnownFileType = sourcecode.swift; path = SceneDelegate.swift; sourceTree = "<group>"; };
		D93277BD2AC6E3CC00B6D2FD /* ViewController.swift */ = {isa = PBXFileReference; lastKnownFileType = sourcecode.swift; path = ViewController.swift; sourceTree = "<group>"; };
		D93277C02AC6E3CC00B6D2FD /* Base */ = {isa = PBXFileReference; lastKnownFileType = file.storyboard; name = Base; path = Base.lproj/Main.storyboard; sourceTree = "<group>"; };
		D93277C22AC6E3E100B6D2FD /* Assets.xcassets */ = {isa = PBXFileReference; lastKnownFileType = folder.assetcatalog; path = Assets.xcassets; sourceTree = "<group>"; };
		D93277C52AC6E3E100B6D2FD /* Base */ = {isa = PBXFileReference; lastKnownFileType = file.storyboard; name = Base; path = Base.lproj/LaunchScreen.storyboard; sourceTree = "<group>"; };
		D93277C72AC6E3E100B6D2FD /* Info.plist */ = {isa = PBXFileReference; lastKnownFileType = text.plist.xml; path = Info.plist; sourceTree = "<group>"; };
		D93277CC2AC6E3E200B6D2FD /* TBC AcademyTests.xctest */ = {isa = PBXFileReference; explicitFileType = wrapper.cfbundle; includeInIndex = 0; path = "TBC AcademyTests.xctest"; sourceTree = BUILT_PRODUCTS_DIR; };
		D93277D02AC6E3E200B6D2FD /* TBC_AcademyTests.swift */ = {isa = PBXFileReference; lastKnownFileType = sourcecode.swift; path = TBC_AcademyTests.swift; sourceTree = "<group>"; };
		D93277D62AC6E3E200B6D2FD /* TBC AcademyUITests.xctest */ = {isa = PBXFileReference; explicitFileType = wrapper.cfbundle; includeInIndex = 0; path = "TBC AcademyUITests.xctest"; sourceTree = BUILT_PRODUCTS_DIR; };
		D93277DA2AC6E3E200B6D2FD /* TBC_AcademyUITests.swift */ = {isa = PBXFileReference; lastKnownFileType = sourcecode.swift; path = TBC_AcademyUITests.swift; sourceTree = "<group>"; };
		D93277DC2AC6E3E200B6D2FD /* TBC_AcademyUITestsLaunchTests.swift */ = {isa = PBXFileReference; lastKnownFileType = sourcecode.swift; path = TBC_AcademyUITestsLaunchTests.swift; sourceTree = "<group>"; };
		D93277E92AC6E43600B6D2FD /* MyPlayground.playground */ = {isa = PBXFileReference; lastKnownFileType = file.playground; path = MyPlayground.playground; sourceTree = "<group>"; xcLanguageSpecificationIdentifier = xcode.lang.swift; };
/* End PBXFileReference section */

/* Begin PBXFrameworksBuildPhase section */
		D93277B32AC6E3CB00B6D2FD /* Frameworks */ = {
			isa = PBXFrameworksBuildPhase;
			buildActionMask = 2147483647;
			files = (
			);
			runOnlyForDeploymentPostprocessing = 0;
		};
		D93277C92AC6E3E200B6D2FD /* Frameworks */ = {
			isa = PBXFrameworksBuildPhase;
			buildActionMask = 2147483647;
			files = (
			);
			runOnlyForDeploymentPostprocessing = 0;
		};
		D93277D32AC6E3E200B6D2FD /* Frameworks */ = {
			isa = PBXFrameworksBuildPhase;
			buildActionMask = 2147483647;
			files = (
			);
			runOnlyForDeploymentPostprocessing = 0;
		};
/* End PBXFrameworksBuildPhase section */

/* Begin PBXGroup section */
		D93277AD2AC6E3CB00B6D2FD = {
			isa = PBXGroup;
			children = (
				D93277B82AC6E3CC00B6D2FD /* TBC Academy */,
				D93277CF2AC6E3E200B6D2FD /* TBC AcademyTests */,
				D93277D92AC6E3E200B6D2FD /* TBC AcademyUITests */,
				D93277B72AC6E3CC00B6D2FD /* Products */,
			);
			sourceTree = "<group>";
		};
		D93277B72AC6E3CC00B6D2FD /* Products */ = {
			isa = PBXGroup;
			children = (
				D93277B62AC6E3CC00B6D2FD /* TBC Academy.app */,
				D93277CC2AC6E3E200B6D2FD /* TBC AcademyTests.xctest */,
				D93277D62AC6E3E200B6D2FD /* TBC AcademyUITests.xctest */,
			);
			name = Products;
			sourceTree = "<group>";
		};
		D93277B82AC6E3CC00B6D2FD /* TBC Academy */ = {
			isa = PBXGroup;
			children = (
				D93277B92AC6E3CC00B6D2FD /* AppDelegate.swift */,
				D93277BB2AC6E3CC00B6D2FD /* SceneDelegate.swift */,
				D93277BD2AC6E3CC00B6D2FD /* ViewController.swift */,
				D93277BF2AC6E3CC00B6D2FD /* Main.storyboard */,
				D93277C22AC6E3E100B6D2FD /* Assets.xcassets */,
				D93277C42AC6E3E100B6D2FD /* LaunchScreen.storyboard */,
				D93277C72AC6E3E100B6D2FD /* Info.plist */,
				D93277E92AC6E43600B6D2FD /* MyPlayground.playground */,
			);
			path = "TBC Academy";
			sourceTree = "<group>";
		};
		D93277CF2AC6E3E200B6D2FD /* TBC AcademyTests */ = {
			isa = PBXGroup;
			children = (
				D93277D02AC6E3E200B6D2FD /* TBC_AcademyTests.swift */,
			);
			path = "TBC AcademyTests";
			sourceTree = "<group>";
		};
		D93277D92AC6E3E200B6D2FD /* TBC AcademyUITests */ = {
			isa = PBXGroup;
			children = (
				D93277DA2AC6E3E200B6D2FD /* TBC_AcademyUITests.swift */,
				D93277DC2AC6E3E200B6D2FD /* TBC_AcademyUITestsLaunchTests.swift */,
			);
			path = "TBC AcademyUITests";
			sourceTree = "<group>";
		};
/* End PBXGroup section */

/* Begin PBXNativeTarget section */
		D93277B52AC6E3CB00B6D2FD /* TBC Academy */ = {
			isa = PBXNativeTarget;
			buildConfigurationList = D93277E02AC6E3E200B6D2FD /* Build configuration list for PBXNativeTarget "TBC Academy" */;
			buildPhases = (
				D93277B22AC6E3CB00B6D2FD /* Sources */,
				D93277B32AC6E3CB00B6D2FD /* Frameworks */,
				D93277B42AC6E3CB00B6D2FD /* Resources */,
			);
			buildRules = (
			);
			dependencies = (
			);
			name = "TBC Academy";
			productName = "TBC Academy";
			productReference = D93277B62AC6E3CC00B6D2FD /* TBC Academy.app */;
			productType = "com.apple.product-type.application";
		};
		D93277CB2AC6E3E200B6D2FD /* TBC AcademyTests */ = {
			isa = PBXNativeTarget;
			buildConfigurationList = D93277E32AC6E3E200B6D2FD /* Build configuration list for PBXNativeTarget "TBC AcademyTests" */;
			buildPhases = (
				D93277C82AC6E3E200B6D2FD /* Sources */,
				D93277C92AC6E3E200B6D2FD /* Frameworks */,
				D93277CA2AC6E3E200B6D2FD /* Resources */,
			);
			buildRules = (
			);
			dependencies = (
				D93277CE2AC6E3E200B6D2FD /* PBXTargetDependency */,
			);
			name = "TBC AcademyTests";
			productName = "TBC AcademyTests";
			productReference = D93277CC2AC6E3E200B6D2FD /* TBC AcademyTests.xctest */;
			productType = "com.apple.product-type.bundle.unit-test";
		};
		D93277D52AC6E3E200B6D2FD /* TBC AcademyUITests */ = {
			isa = PBXNativeTarget;
			buildConfigurationList = D93277E62AC6E3E200B6D2FD /* Build configuration list for PBXNativeTarget "TBC AcademyUITests" */;
			buildPhases = (
				D93277D22AC6E3E200B6D2FD /* Sources */,
				D93277D32AC6E3E200B6D2FD /* Frameworks */,
				D93277D42AC6E3E200B6D2FD /* Resources */,
			);
			buildRules = (
			);
			dependencies = (
				D93277D82AC6E3E200B6D2FD /* PBXTargetDependency */,
			);
			name = "TBC AcademyUITests";
			productName = "TBC AcademyUITests";
			productReference = D93277D62AC6E3E200B6D2FD /* TBC AcademyUITests.xctest */;
			productType = "com.apple.product-type.bundle.ui-testing";
		};
/* End PBXNativeTarget section */

/* Begin PBXProject section */
		D93277AE2AC6E3CB00B6D2FD /* Project object */ = {
			isa = PBXProject;
			attributes = {
				BuildIndependentTargetsInParallel = 1;
				LastSwiftUpdateCheck = 1500;
				LastUpgradeCheck = 1500;
				TargetAttributes = {
					D93277B52AC6E3CB00B6D2FD = {
						CreatedOnToolsVersion = 15.0;
					};
					D93277CB2AC6E3E200B6D2FD = {
						CreatedOnToolsVersion = 15.0;
						TestTargetID = D93277B52AC6E3CB00B6D2FD;
					};
					D93277D52AC6E3E200B6D2FD = {
						CreatedOnToolsVersion = 15.0;
						TestTargetID = D93277B52AC6E3CB00B6D2FD;
					};
				};
			};
			buildConfigurationList = D93277B12AC6E3CB00B6D2FD /* Build configuration list for PBXProject "TBC Academy" */;
			compatibilityVersion = "Xcode 14.0";
			developmentRegion = en;
			hasScannedForEncodings = 0;
			knownRegions = (
				en,
				Base,
			);
			mainGroup = D93277AD2AC6E3CB00B6D2FD;
			productRefGroup = D93277B72AC6E3CC00B6D2FD /* Products */;
			projectDirPath = "";
			projectRoot = "";
			targets = (
				D93277B52AC6E3CB00B6D2FD /* TBC Academy */,
				D93277CB2AC6E3E200B6D2FD /* TBC AcademyTests */,
				D93277D52AC6E3E200B6D2FD /* TBC AcademyUITests */,
			);
		};
/* End PBXProject section */

/* Begin PBXResourcesBuildPhase section */
		D93277B42AC6E3CB00B6D2FD /* Resources */ = {
			isa = PBXResourcesBuildPhase;
			buildActionMask = 2147483647;
			files = (
				D93277C62AC6E3E100B6D2FD /* LaunchScreen.storyboard in Resources */,
				D93277C32AC6E3E100B6D2FD /* Assets.xcassets in Resources */,
				D93277C12AC6E3CC00B6D2FD /* Main.storyboard in Resources */,
			);
			runOnlyForDeploymentPostprocessing = 0;
		};
		D93277CA2AC6E3E200B6D2FD /* Resources */ = {
			isa = PBXResourcesBuildPhase;
			buildActionMask = 2147483647;
			files = (
			);
			runOnlyForDeploymentPostprocessing = 0;
		};
		D93277D42AC6E3E200B6D2FD /* Resources */ = {
			isa = PBXResourcesBuildPhase;
			buildActionMask = 2147483647;
			files = (
			);
			runOnlyForDeploymentPostprocessing = 0;
		};
/* End PBXResourcesBuildPhase section */

/* Begin PBXSourcesBuildPhase section */
		D93277B22AC6E3CB00B6D2FD /* Sources */ = {
			isa = PBXSourcesBuildPhase;
			buildActionMask = 2147483647;
			files = (
				D93277BE2AC6E3CC00B6D2FD /* ViewController.swift in Sources */,
				D93277BA2AC6E3CC00B6D2FD /* AppDelegate.swift in Sources */,
				D93277BC2AC6E3CC00B6D2FD /* SceneDelegate.swift in Sources */,
			);
			runOnlyForDeploymentPostprocessing = 0;
		};
		D93277C82AC6E3E200B6D2FD /* Sources */ = {
			isa = PBXSourcesBuildPhase;
			buildActionMask = 2147483647;
			files = (
				D93277D12AC6E3E200B6D2FD /* TBC_AcademyTests.swift in Sources */,
			);
			runOnlyForDeploymentPostprocessing = 0;
		};
		D93277D22AC6E3E200B6D2FD /* Sources */ = {
			isa = PBXSourcesBuildPhase;
			buildActionMask = 2147483647;
			files = (
				D93277DB2AC6E3E200B6D2FD /* TBC_AcademyUITests.swift in Sources */,
				D93277DD2AC6E3E200B6D2FD /* TBC_AcademyUITestsLaunchTests.swift in Sources */,
			);
			runOnlyForDeploymentPostprocessing = 0;
		};
/* End PBXSourcesBuildPhase section */

/* Begin PBXTargetDependency section */
		D93277CE2AC6E3E200B6D2FD /* PBXTargetDependency */ = {
			isa = PBXTargetDependency;
			target = D93277B52AC6E3CB00B6D2FD /* TBC Academy */;
			targetProxy = D93277CD2AC6E3E200B6D2FD /* PBXContainerItemProxy */;
		};
		D93277D82AC6E3E200B6D2FD /* PBXTargetDependency */ = {
			isa = PBXTargetDependency;
			target = D93277B52AC6E3CB00B6D2FD /* TBC Academy */;
			targetProxy = D93277D72AC6E3E200B6D2FD /* PBXContainerItemProxy */;
		};
/* End PBXTargetDependency section */

/* Begin PBXVariantGroup section */
		D93277BF2AC6E3CC00B6D2FD /* Main.storyboard */ = {
			isa = PBXVariantGroup;
			children = (
				D93277C02AC6E3CC00B6D2FD /* Base */,
			);
			name = Main.storyboard;
			sourceTree = "<group>";
		};
		D93277C42AC6E3E100B6D2FD /* LaunchScreen.storyboard */ = {
			isa = PBXVariantGroup;
			children = (
				D93277C52AC6E3E100B6D2FD /* Base */,
			);
			name = LaunchScreen.storyboard;
			sourceTree = "<group>";
		};
/* End PBXVariantGroup section */

/* Begin XCBuildConfiguration section */
		D93277DE2AC6E3E200B6D2FD /* Debug */ = {
			isa = XCBuildConfiguration;
			buildSettings = {
				ALWAYS_SEARCH_USER_PATHS = NO;
				ASSETCATALOG_COMPILER_GENERATE_SWIFT_ASSET_SYMBOL_EXTENSIONS = YES;
				CLANG_ANALYZER_NONNULL = YES;
				CLANG_ANALYZER_NUMBER_OBJECT_CONVERSION = YES_AGGRESSIVE;
				CLANG_CXX_LANGUAGE_STANDARD = "gnu++20";
				CLANG_ENABLE_MODULES = YES;
				CLANG_ENABLE_OBJC_ARC = YES;
				CLANG_ENABLE_OBJC_WEAK = YES;
				CLANG_WARN_BLOCK_CAPTURE_AUTORELEASING = YES;
				CLANG_WARN_BOOL_CONVERSION = YES;
				CLANG_WARN_COMMA = YES;
				CLANG_WARN_CONSTANT_CONVERSION = YES;
				CLANG_WARN_DEPRECATED_OBJC_IMPLEMENTATIONS = YES;
				CLANG_WARN_DIRECT_OBJC_ISA_USAGE = YES_ERROR;
				CLANG_WARN_DOCUMENTATION_COMMENTS = YES;
				CLANG_WARN_EMPTY_BODY = YES;
				CLANG_WARN_ENUM_CONVERSION = YES;
				CLANG_WARN_INFINITE_RECURSION = YES;
				CLANG_WARN_INT_CONVERSION = YES;
				CLANG_WARN_NON_LITERAL_NULL_CONVERSION = YES;
				CLANG_WARN_OBJC_IMPLICIT_RETAIN_SELF = YES;
				CLANG_WARN_OBJC_LITERAL_CONVERSION = YES;
				CLANG_WARN_OBJC_ROOT_CLASS = YES_ERROR;
				CLANG_WARN_QUOTED_INCLUDE_IN_FRAMEWORK_HEADER = YES;
				CLANG_WARN_RANGE_LOOP_ANALYSIS = YES;
				CLANG_WARN_STRICT_PROTOTYPES = YES;
				CLANG_WARN_SUSPICIOUS_MOVE = YES;
				CLANG_WARN_UNGUARDED_AVAILABILITY = YES_AGGRESSIVE;
				CLANG_WARN_UNREACHABLE_CODE = YES;
				CLANG_WARN__DUPLICATE_METHOD_MATCH = YES;
				COPY_PHASE_STRIP = NO;
				DEBUG_INFORMATION_FORMAT = dwarf;
				ENABLE_STRICT_OBJC_MSGSEND = YES;
				ENABLE_TESTABILITY = YES;
				ENABLE_USER_SCRIPT_SANDBOXING = YES;
				GCC_C_LANGUAGE_STANDARD = gnu17;
				GCC_DYNAMIC_NO_PIC = NO;
				GCC_NO_COMMON_BLOCKS = YES;
				GCC_OPTIMIZATION_LEVEL = 0;
				GCC_PREPROCESSOR_DEFINITIONS = (
					"DEBUG=1",
					"$(inherited)",
				);
				GCC_WARN_64_TO_32_BIT_CONVERSION = YES;
				GCC_WARN_ABOUT_RETURN_TYPE = YES_ERROR;
				GCC_WARN_UNDECLARED_SELECTOR = YES;
				GCC_WARN_UNINITIALIZED_AUTOS = YES_AGGRESSIVE;
				GCC_WARN_UNUSED_FUNCTION = YES;
				GCC_WARN_UNUSED_VARIABLE = YES;
				IPHONEOS_DEPLOYMENT_TARGET = 17.0;
				LOCALIZATION_PREFERS_STRING_CATALOGS = YES;
				MTL_ENABLE_DEBUG_INFO = INCLUDE_SOURCE;
				MTL_FAST_MATH = YES;
				ONLY_ACTIVE_ARCH = YES;
				SDKROOT = iphoneos;
				SWIFT_ACTIVE_COMPILATION_CONDITIONS = "DEBUG $(inherited)";
				SWIFT_OPTIMIZATION_LEVEL = "-Onone";
			};
			name = Debug;
		};
		D93277DF2AC6E3E200B6D2FD /* Release */ = {
			isa = XCBuildConfiguration;
			buildSettings = {
				ALWAYS_SEARCH_USER_PATHS = NO;
				ASSETCATALOG_COMPILER_GENERATE_SWIFT_ASSET_SYMBOL_EXTENSIONS = YES;
				CLANG_ANALYZER_NONNULL = YES;
				CLANG_ANALYZER_NUMBER_OBJECT_CONVERSION = YES_AGGRESSIVE;
				CLANG_CXX_LANGUAGE_STANDARD = "gnu++20";
				CLANG_ENABLE_MODULES = YES;
				CLANG_ENABLE_OBJC_ARC = YES;
				CLANG_ENABLE_OBJC_WEAK = YES;
				CLANG_WARN_BLOCK_CAPTURE_AUTORELEASING = YES;
				CLANG_WARN_BOOL_CONVERSION = YES;
				CLANG_WARN_COMMA = YES;
				CLANG_WARN_CONSTANT_CONVERSION = YES;
				CLANG_WARN_DEPRECATED_OBJC_IMPLEMENTATIONS = YES;
				CLANG_WARN_DIRECT_OBJC_ISA_USAGE = YES_ERROR;
				CLANG_WARN_DOCUMENTATION_COMMENTS = YES;
				CLANG_WARN_EMPTY_BODY = YES;
				CLANG_WARN_ENUM_CONVERSION = YES;
				CLANG_WARN_INFINITE_RECURSION = YES;
				CLANG_WARN_INT_CONVERSION = YES;
				CLANG_WARN_NON_LITERAL_NULL_CONVERSION = YES;
				CLANG_WARN_OBJC_IMPLICIT_RETAIN_SELF = YES;
				CLANG_WARN_OBJC_LITERAL_CONVERSION = YES;
				CLANG_WARN_OBJC_ROOT_CLASS = YES_ERROR;
				CLANG_WARN_QUOTED_INCLUDE_IN_FRAMEWORK_HEADER = YES;
				CLANG_WARN_RANGE_LOOP_ANALYSIS = YES;
				CLANG_WARN_STRICT_PROTOTYPES = YES;
				CLANG_WARN_SUSPICIOUS_MOVE = YES;
				CLANG_WARN_UNGUARDED_AVAILABILITY = YES_AGGRESSIVE;
				CLANG_WARN_UNREACHABLE_CODE = YES;
				CLANG_WARN__DUPLICATE_METHOD_MATCH = YES;
				COPY_PHASE_STRIP = NO;
				DEBUG_INFORMATION_FORMAT = "dwarf-with-dsym";
				ENABLE_NS_ASSERTIONS = NO;
				ENABLE_STRICT_OBJC_MSGSEND = YES;
				ENABLE_USER_SCRIPT_SANDBOXING = YES;
				GCC_C_LANGUAGE_STANDARD = gnu17;
				GCC_NO_COMMON_BLOCKS = YES;
				GCC_WARN_64_TO_32_BIT_CONVERSION = YES;
				GCC_WARN_ABOUT_RETURN_TYPE = YES_ERROR;
				GCC_WARN_UNDECLARED_SELECTOR = YES;
				GCC_WARN_UNINITIALIZED_AUTOS = YES_AGGRESSIVE;
				GCC_WARN_UNUSED_FUNCTION = YES;
				GCC_WARN_UNUSED_VARIABLE = YES;
				IPHONEOS_DEPLOYMENT_TARGET = 17.0;
				LOCALIZATION_PREFERS_STRING_CATALOGS = YES;
				MTL_ENABLE_DEBUG_INFO = NO;
				MTL_FAST_MATH = YES;
				SDKROOT = iphoneos;
				SWIFT_COMPILATION_MODE = wholemodule;
				VALIDATE_PRODUCT = YES;
			};
			name = Release;
		};
		D93277E12AC6E3E200B6D2FD /* Debug */ = {
			isa = XCBuildConfiguration;
			buildSettings = {
				ASSETCATALOG_COMPILER_APPICON_NAME = AppIcon;
				ASSETCATALOG_COMPILER_GLOBAL_ACCENT_COLOR_NAME = AccentColor;
				CODE_SIGN_STYLE = Automatic;
				CURRENT_PROJECT_VERSION = 1;
				GENERATE_INFOPLIST_FILE = YES;
				INFOPLIST_FILE = "TBC Academy/Info.plist";
				INFOPLIST_KEY_UIApplicationSupportsIndirectInputEvents = YES;
				INFOPLIST_KEY_UILaunchStoryboardName = LaunchScreen;
				INFOPLIST_KEY_UIMainStoryboardFile = Main;
				INFOPLIST_KEY_UISupportedInterfaceOrientations_iPad = "UIInterfaceOrientationPortrait UIInterfaceOrientationPortraitUpsideDown UIInterfaceOrientationLandscapeLeft UIInterfaceOrientationLandscapeRight";
				INFOPLIST_KEY_UISupportedInterfaceOrientations_iPhone = "UIInterfaceOrientationPortrait UIInterfaceOrientationLandscapeLeft UIInterfaceOrientationLandscapeRight";
				LD_RUNPATH_SEARCH_PATHS = (
					"$(inherited)",
					"@executable_path/Frameworks",
				);
				MARKETING_VERSION = 1.0;
				PRODUCT_BUNDLE_IDENTIFIER = "nati-khizanishvili.TBC-Academy";
				PRODUCT_NAME = "$(TARGET_NAME)";
				SWIFT_EMIT_LOC_STRINGS = YES;
				SWIFT_VERSION = 5.0;
				TARGETED_DEVICE_FAMILY = "1,2";
			};
			name = Debug;
		};
		D93277E22AC6E3E200B6D2FD /* Release */ = {
			isa = XCBuildConfiguration;
			buildSettings = {
				ASSETCATALOG_COMPILER_APPICON_NAME = AppIcon;
				ASSETCATALOG_COMPILER_GLOBAL_ACCENT_COLOR_NAME = AccentColor;
				CODE_SIGN_STYLE = Automatic;
				CURRENT_PROJECT_VERSION = 1;
				GENERATE_INFOPLIST_FILE = YES;
				INFOPLIST_FILE = "TBC Academy/Info.plist";
				INFOPLIST_KEY_UIApplicationSupportsIndirectInputEvents = YES;
				INFOPLIST_KEY_UILaunchStoryboardName = LaunchScreen;
				INFOPLIST_KEY_UIMainStoryboardFile = Main;
				INFOPLIST_KEY_UISupportedInterfaceOrientations_iPad = "UIInterfaceOrientationPortrait UIInterfaceOrientationPortraitUpsideDown UIInterfaceOrientationLandscapeLeft UIInterfaceOrientationLandscapeRight";
				INFOPLIST_KEY_UISupportedInterfaceOrientations_iPhone = "UIInterfaceOrientationPortrait UIInterfaceOrientationLandscapeLeft UIInterfaceOrientationLandscapeRight";
				LD_RUNPATH_SEARCH_PATHS = (
					"$(inherited)",
					"@executable_path/Frameworks",
				);
				MARKETING_VERSION = 1.0;
				PRODUCT_BUNDLE_IDENTIFIER = "nati-khizanishvili.TBC-Academy";
				PRODUCT_NAME = "$(TARGET_NAME)";
				SWIFT_EMIT_LOC_STRINGS = YES;
				SWIFT_VERSION = 5.0;
				TARGETED_DEVICE_FAMILY = "1,2";
			};
			name = Release;
		};
		D93277E42AC6E3E200B6D2FD /* Debug */ = {
			isa = XCBuildConfiguration;
			buildSettings = {
				ALWAYS_EMBED_SWIFT_STANDARD_LIBRARIES = YES;
				BUNDLE_LOADER = "$(TEST_HOST)";
				CODE_SIGN_STYLE = Automatic;
				CURRENT_PROJECT_VERSION = 1;
				GENERATE_INFOPLIST_FILE = YES;
				IPHONEOS_DEPLOYMENT_TARGET = 17.0;
				MARKETING_VERSION = 1.0;
				PRODUCT_BUNDLE_IDENTIFIER = "nati-khizanishvili.TBC-AcademyTests";
				PRODUCT_NAME = "$(TARGET_NAME)";
				SWIFT_EMIT_LOC_STRINGS = NO;
				SWIFT_VERSION = 5.0;
				TARGETED_DEVICE_FAMILY = "1,2";
				TEST_HOST = "$(BUILT_PRODUCTS_DIR)/TBC Academy.app/$(BUNDLE_EXECUTABLE_FOLDER_PATH)/TBC Academy";
			};
			name = Debug;
		};
		D93277E52AC6E3E200B6D2FD /* Release */ = {
			isa = XCBuildConfiguration;
			buildSettings = {
				ALWAYS_EMBED_SWIFT_STANDARD_LIBRARIES = YES;
				BUNDLE_LOADER = "$(TEST_HOST)";
				CODE_SIGN_STYLE = Automatic;
				CURRENT_PROJECT_VERSION = 1;
				GENERATE_INFOPLIST_FILE = YES;
				IPHONEOS_DEPLOYMENT_TARGET = 17.0;
				MARKETING_VERSION = 1.0;
				PRODUCT_BUNDLE_IDENTIFIER = "nati-khizanishvili.TBC-AcademyTests";
				PRODUCT_NAME = "$(TARGET_NAME)";
				SWIFT_EMIT_LOC_STRINGS = NO;
				SWIFT_VERSION = 5.0;
				TARGETED_DEVICE_FAMILY = "1,2";
				TEST_HOST = "$(BUILT_PRODUCTS_DIR)/TBC Academy.app/$(BUNDLE_EXECUTABLE_FOLDER_PATH)/TBC Academy";
			};
			name = Release;
		};
		D93277E72AC6E3E200B6D2FD /* Debug */ = {
			isa = XCBuildConfiguration;
			buildSettings = {
				ALWAYS_EMBED_SWIFT_STANDARD_LIBRARIES = YES;
				CODE_SIGN_STYLE = Automatic;
				CURRENT_PROJECT_VERSION = 1;
				GENERATE_INFOPLIST_FILE = YES;
				MARKETING_VERSION = 1.0;
				PRODUCT_BUNDLE_IDENTIFIER = "nati-khizanishvili.TBC-AcademyUITests";
				PRODUCT_NAME = "$(TARGET_NAME)";
				SWIFT_EMIT_LOC_STRINGS = NO;
				SWIFT_VERSION = 5.0;
				TARGETED_DEVICE_FAMILY = "1,2";
				TEST_TARGET_NAME = "TBC Academy";
			};
			name = Debug;
		};
		D93277E82AC6E3E200B6D2FD /* Release */ = {
			isa = XCBuildConfiguration;
			buildSettings = {
				ALWAYS_EMBED_SWIFT_STANDARD_LIBRARIES = YES;
				CODE_SIGN_STYLE = Automatic;
				CURRENT_PROJECT_VERSION = 1;
				GENERATE_INFOPLIST_FILE = YES;
				MARKETING_VERSION = 1.0;
				PRODUCT_BUNDLE_IDENTIFIER = "nati-khizanishvili.TBC-AcademyUITests";
				PRODUCT_NAME = "$(TARGET_NAME)";
				SWIFT_EMIT_LOC_STRINGS = NO;
				SWIFT_VERSION = 5.0;
				TARGETED_DEVICE_FAMILY = "1,2";
				TEST_TARGET_NAME = "TBC Academy";
			};
			name = Release;
		};
/* End XCBuildConfiguration section */

/* Begin XCConfigurationList section */
		D93277B12AC6E3CB00B6D2FD /* Build configuration list for PBXProject "TBC Academy" */ = {
			isa = XCConfigurationList;
			buildConfigurations = (
				D93277DE2AC6E3E200B6D2FD /* Debug */,
				D93277DF2AC6E3E200B6D2FD /* Release */,
			);
			defaultConfigurationIsVisible = 0;
			defaultConfigurationName = Release;
		};
		D93277E02AC6E3E200B6D2FD /* Build configuration list for PBXNativeTarget "TBC Academy" */ = {
			isa = XCConfigurationList;
			buildConfigurations = (
				D93277E12AC6E3E200B6D2FD /* Debug */,
				D93277E22AC6E3E200B6D2FD /* Release */,
			);
			defaultConfigurationIsVisible = 0;
			defaultConfigurationName = Release;
		};
		D93277E32AC6E3E200B6D2FD /* Build configuration list for PBXNativeTarget "TBC AcademyTests" */ = {
			isa = XCConfigurationList;
			buildConfigurations = (
				D93277E42AC6E3E200B6D2FD /* Debug */,
				D93277E52AC6E3E200B6D2FD /* Release */,
			);
			defaultConfigurationIsVisible = 0;
			defaultConfigurationName = Release;
		};
		D93277E62AC6E3E200B6D2FD /* Build configuration list for PBXNativeTarget "TBC AcademyUITests" */ = {
			isa = XCConfigurationList;
			buildConfigurations = (
				D93277E72AC6E3E200B6D2FD /* Debug */,
				D93277E82AC6E3E200B6D2FD /* Release */,
			);
			defaultConfigurationIsVisible = 0;
			defaultConfigurationName = Release;
		};
/* End XCConfigurationList section */
	};
	rootObject = D93277AE2AC6E3CB00B6D2FD /* Project object */;
}
